
Microsoft Visual Studio Solution File, Format Version 12.00
# Visual Studio Version 17
VisualStudioVersion = 17.6.33815.320
MinimumVisualStudioVersion = 10.0.40219.1
Project("{FAE04EC0-301F-11D3-BF4B-00C04F79EFBC}") = "ScreenSound-04", "ScreenSound-04.csproj", "{ACE18938-C664-4AFE-A87D-A0CE096B81EE}"
EndProject
Global
	GlobalSection(SolutionConfigurationPlatforms) = preSolution
		Debug|Any CPU = Debug|Any CPU
		Release|Any CPU = Release|Any CPU
	EndGlobalSection
	GlobalSection(ProjectConfigurationPlatforms) = postSolution
		{ACE18938-C664-4AFE-A87D-A0CE096B81EE}.Debug|Any CPU.ActiveCfg = Debug|Any CPU
		{ACE18938-C664-4AFE-A87D-A0CE096B81EE}.Debug|Any CPU.Build.0 = Debug|Any CPU
		{ACE18938-C664-4AFE-A87D-A0CE096B81EE}.Release|Any CPU.ActiveCfg = Release|Any CPU
		{ACE18938-C664-4AFE-A87D-A0CE096B81EE}.Release|Any CPU.Build.0 = Release|Any CPU
	EndGlobalSection
	GlobalSection(SolutionProperties) = preSolution
		HideSolutionNode = FALSE
	EndGlobalSection
	GlobalSection(ExtensibilityGlobals) = postSolution
		SolutionGuid = {E9817361-E9C7-429C-BF1A-8067532C329D}
	EndGlobalSection
EndGlobal
